// !$*UTF8*$!
{
	archiveVersion = 1;
	classes = {
	};
	objectVersion = 50;
	objects = {

/* Begin PBXBuildFile section */
		F487DE3322F85866002C1B6E /* AppDelegate.swift in Sources */ = {isa = PBXBuildFile; fileRef = F487DE3222F85866002C1B6E /* AppDelegate.swift */; };
		F487DE3522F85866002C1B6E /* SceneDelegate.swift in Sources */ = {isa = PBXBuildFile; fileRef = F487DE3422F85866002C1B6E /* SceneDelegate.swift */; };
		F487DE3722F85866002C1B6E /* ContentView.swift in Sources */ = {isa = PBXBuildFile; fileRef = F487DE3622F85866002C1B6E /* ContentView.swift */; };
		F487DE3922F85867002C1B6E /* Assets.xcassets in Resources */ = {isa = PBXBuildFile; fileRef = F487DE3822F85867002C1B6E /* Assets.xcassets */; };
		F487DE3C22F85867002C1B6E /* Preview Assets.xcassets in Resources */ = {isa = PBXBuildFile; fileRef = F487DE3B22F85867002C1B6E /* Preview Assets.xcassets */; };
		F487DE3F22F85867002C1B6E /* LaunchScreen.storyboard in Resources */ = {isa = PBXBuildFile; fileRef = F487DE3D22F85867002C1B6E /* LaunchScreen.storyboard */; };
		F487DE4A22F85867002C1B6E /* SwiftUIExampleTests.swift in Sources */ = {isa = PBXBuildFile; fileRef = F487DE4922F85867002C1B6E /* SwiftUIExampleTests.swift */; };
/* End PBXBuildFile section */

/* Begin PBXContainerItemProxy section */
		F487DE4622F85867002C1B6E /* PBXContainerItemProxy */ = {
			isa = PBXContainerItemProxy;
			containerPortal = F487DE2722F85866002C1B6E /* Project object */;
			proxyType = 1;
			remoteGlobalIDString = F487DE2E22F85866002C1B6E;
			remoteInfo = SwiftUIExample;
		};
/* End PBXContainerItemProxy section */

/* Begin PBXFileReference section */
		F487DE2F22F85866002C1B6E /* SwiftUIExample.app */ = {isa = PBXFileReference; explicitFileType = wrapper.application; includeInIndex = 0; path = SwiftUIExample.app; sourceTree = BUILT_PRODUCTS_DIR; };
		F487DE3222F85866002C1B6E /* AppDelegate.swift */ = {isa = PBXFileReference; lastKnownFileType = sourcecode.swift; path = AppDelegate.swift; sourceTree = "<group>"; };
		F487DE3422F85866002C1B6E /* SceneDelegate.swift */ = {isa = PBXFileReference; lastKnownFileType = sourcecode.swift; path = SceneDelegate.swift; sourceTree = "<group>"; };
		F487DE3622F85866002C1B6E /* ContentView.swift */ = {isa = PBXFileReference; lastKnownFileType = sourcecode.swift; path = ContentView.swift; sourceTree = "<group>"; };
		F487DE3822F85867002C1B6E /* Assets.xcassets */ = {isa = PBXFileReference; lastKnownFileType = folder.assetcatalog; path = Assets.xcassets; sourceTree = "<group>"; };
		F487DE3B22F85867002C1B6E /* Preview Assets.xcassets */ = {isa = PBXFileReference; lastKnownFileType = folder.assetcatalog; path = "Preview Assets.xcassets"; sourceTree = "<group>"; };
		F487DE3E22F85867002C1B6E /* Base */ = {isa = PBXFileReference; lastKnownFileType = file.storyboard; name = Base; path = Base.lproj/LaunchScreen.storyboard; sourceTree = "<group>"; };
		F487DE4022F85867002C1B6E /* Info.plist */ = {isa = PBXFileReference; lastKnownFileType = text.plist.xml; path = Info.plist; sourceTree = "<group>"; };
		F487DE4522F85867002C1B6E /* SwiftUIExampleTests.xctest */ = {isa = PBXFileReference; explicitFileType = wrapper.cfbundle; includeInIndex = 0; path = SwiftUIExampleTests.xctest; sourceTree = BUILT_PRODUCTS_DIR; };
		F487DE4922F85867002C1B6E /* SwiftUIExampleTests.swift */ = {isa = PBXFileReference; lastKnownFileType = sourcecode.swift; path = SwiftUIExampleTests.swift; sourceTree = "<group>"; };
		F487DE4B22F85867002C1B6E /* Info.plist */ = {isa = PBXFileReference; lastKnownFileType = text.plist.xml; path = Info.plist; sourceTree = "<group>"; };
/* End PBXFileReference section */

/* Begin PBXFrameworksBuildPhase section */
		F487DE2C22F85866002C1B6E /* Frameworks */ = {
			isa = PBXFrameworksBuildPhase;
			buildActionMask = 2147483647;
			files = (
			);
			runOnlyForDeploymentPostprocessing = 0;
		};
		F487DE4222F85867002C1B6E /* Frameworks */ = {
			isa = PBXFrameworksBuildPhase;
			buildActionMask = 2147483647;
			files = (
			);
			runOnlyForDeploymentPostprocessing = 0;
		};
/* End PBXFrameworksBuildPhase section */

/* Begin PBXGroup section */
		F487DE2622F85866002C1B6E = {
			isa = PBXGroup;
			children = (
				F487DE3122F85866002C1B6E /* SwiftUIExample */,
				F487DE4822F85867002C1B6E /* SwiftUIExampleTests */,
				F487DE3022F85866002C1B6E /* Products */,
			);
			sourceTree = "<group>";
		};
		F487DE3022F85866002C1B6E /* Products */ = {
			isa = PBXGroup;
			children = (
				F487DE2F22F85866002C1B6E /* SwiftUIExample.app */,
				F487DE4522F85867002C1B6E /* SwiftUIExampleTests.xctest */,
			);
			name = Products;
			sourceTree = "<group>";
		};
		F487DE3122F85866002C1B6E /* SwiftUIExample */ = {
			isa = PBXGroup;
			children = (
				F487DE3222F85866002C1B6E /* AppDelegate.swift */,
				F487DE3422F85866002C1B6E /* SceneDelegate.swift */,
				F487DE3622F85866002C1B6E /* ContentView.swift */,
				F487DE3822F85867002C1B6E /* Assets.xcassets */,
				F487DE3D22F85867002C1B6E /* LaunchScreen.storyboard */,
				F487DE4022F85867002C1B6E /* Info.plist */,
				F487DE3A22F85867002C1B6E /* Preview Content */,
			);
			path = SwiftUIExample;
			sourceTree = "<group>";
		};
		F487DE3A22F85867002C1B6E /* Preview Content */ = {
			isa = PBXGroup;
			children = (
				F487DE3B22F85867002C1B6E /* Preview Assets.xcassets */,
			);
			path = "Preview Content";
			sourceTree = "<group>";
		};
		F487DE4822F85867002C1B6E /* SwiftUIExampleTests */ = {
			isa = PBXGroup;
			children = (
				F487DE4922F85867002C1B6E /* SwiftUIExampleTests.swift */,
				F487DE4B22F85867002C1B6E /* Info.plist */,
			);
			path = SwiftUIExampleTests;
			sourceTree = "<group>";
		};
/* End PBXGroup section */

/* Begin PBXNativeTarget section */
		F487DE2E22F85866002C1B6E /* SwiftUIExample */ = {
			isa = PBXNativeTarget;
			buildConfigurationList = F487DE4E22F85867002C1B6E /* Build configuration list for PBXNativeTarget "SwiftUIExample" */;
			buildPhases = (
				F487DE2B22F85866002C1B6E /* Sources */,
				F487DE2C22F85866002C1B6E /* Frameworks */,
				F487DE2D22F85866002C1B6E /* Resources */,
			);
			buildRules = (
			);
			dependencies = (
			);
			name = SwiftUIExample;
			productName = SwiftUIExample;
			productReference = F487DE2F22F85866002C1B6E /* SwiftUIExample.app */;
			productType = "com.apple.product-type.application";
		};
		F487DE4422F85867002C1B6E /* SwiftUIExampleTests */ = {
			isa = PBXNativeTarget;
			buildConfigurationList = F487DE5122F85867002C1B6E /* Build configuration list for PBXNativeTarget "SwiftUIExampleTests" */;
			buildPhases = (
				F487DE4122F85867002C1B6E /* Sources */,
				F487DE4222F85867002C1B6E /* Frameworks */,
				F487DE4322F85867002C1B6E /* Resources */,
			);
			buildRules = (
			);
			dependencies = (
				F487DE4722F85867002C1B6E /* PBXTargetDependency */,
			);
			name = SwiftUIExampleTests;
			productName = SwiftUIExampleTests;
			productReference = F487DE4522F85867002C1B6E /* SwiftUIExampleTests.xctest */;
			productType = "com.apple.product-type.bundle.unit-test";
		};
/* End PBXNativeTarget section */

/* Begin PBXProject section */
		F487DE2722F85866002C1B6E /* Project object */ = {
			isa = PBXProject;
			attributes = {
				LastSwiftUpdateCheck = 1100;
				LastUpgradeCheck = 1100;
				ORGANIZATIONNAME = arun;
				TargetAttributes = {
					F487DE2E22F85866002C1B6E = {
						CreatedOnToolsVersion = 11.0;
					};
					F487DE4422F85867002C1B6E = {
						CreatedOnToolsVersion = 11.0;
						TestTargetID = F487DE2E22F85866002C1B6E;
					};
				};
			};
			buildConfigurationList = F487DE2A22F85866002C1B6E /* Build configuration list for PBXProject "SwiftUIExample" */;
			compatibilityVersion = "Xcode 9.3";
			developmentRegion = en;
			hasScannedForEncodings = 0;
			knownRegions = (
				en,
				Base,
			);
			mainGroup = F487DE2622F85866002C1B6E;
			productRefGroup = F487DE3022F85866002C1B6E /* Products */;
			projectDirPath = "";
			projectRoot = "";
			targets = (
				F487DE2E22F85866002C1B6E /* SwiftUIExample */,
				F487DE4422F85867002C1B6E /* SwiftUIExampleTests */,
			);
		};
/* End PBXProject section */

/* Begin PBXResourcesBuildPhase section */
		F487DE2D22F85866002C1B6E /* Resources */ = {
			isa = PBXResourcesBuildPhase;
			buildActionMask = 2147483647;
			files = (
				F487DE3F22F85867002C1B6E /* LaunchScreen.storyboard in Resources */,
				F487DE3C22F85867002C1B6E /* Preview Assets.xcassets in Resources */,
				F487DE3922F85867002C1B6E /* Assets.xcassets in Resources */,
			);
			runOnlyForDeploymentPostprocessing = 0;
		};
		F487DE4322F85867002C1B6E /* Resources */ = {
			isa = PBXResourcesBuildPhase;
			buildActionMask = 2147483647;
			files = (
			);
			runOnlyForDeploymentPostprocessing = 0;
		};
/* End PBXResourcesBuildPhase section */

/* Begin PBXSourcesBuildPhase section */
		F487DE2B22F85866002C1B6E /* Sources */ = {
			isa = PBXSourcesBuildPhase;
			buildActionMask = 2147483647;
			files = (
				F487DE3322F85866002C1B6E /* AppDelegate.swift in Sources */,
				F487DE3522F85866002C1B6E /* SceneDelegate.swift in Sources */,
				F487DE3722F85866002C1B6E /* ContentView.swift in Sources */,
			);
			runOnlyForDeploymentPostprocessing = 0;
		};
		F487DE4122F85867002C1B6E /* Sources */ = {
			isa = PBXSourcesBuildPhase;
			buildActionMask = 2147483647;
			files = (
				F487DE4A22F85867002C1B6E /* SwiftUIExampleTests.swift in Sources */,
			);
			runOnlyForDeploymentPostprocessing = 0;
		};
/* End PBXSourcesBuildPhase section */

/* Begin PBXTargetDependency section */
		F487DE4722F85867002C1B6E /* PBXTargetDependency */ = {
			isa = PBXTargetDependency;
			target = F487DE2E22F85866002C1B6E /* SwiftUIExample */;
			targetProxy = F487DE4622F85867002C1B6E /* PBXContainerItemProxy */;
		};
/* End PBXTargetDependency section */

/* Begin PBXVariantGroup section */
		F487DE3D22F85867002C1B6E /* LaunchScreen.storyboard */ = {
			isa = PBXVariantGroup;
			children = (
				F487DE3E22F85867002C1B6E /* Base */,
			);
			name = LaunchScreen.storyboard;
			sourceTree = "<group>";
		};
/* End PBXVariantGroup section */

/* Begin XCBuildConfiguration section */
		F487DE4C22F85867002C1B6E /* Debug */ = {
			isa = XCBuildConfiguration;
			buildSettings = {
				ALWAYS_SEARCH_USER_PATHS = NO;
				CLANG_ANALYZER_NONNULL = YES;
				CLANG_ANALYZER_NUMBER_OBJECT_CONVERSION = YES_AGGRESSIVE;
				CLANG_CXX_LANGUAGE_STANDARD = "gnu++14";
				CLANG_CXX_LIBRARY = "libc++";
				CLANG_ENABLE_MODULES = YES;
				CLANG_ENABLE_OBJC_ARC = YES;
				CLANG_ENABLE_OBJC_WEAK = YES;
				CLANG_WARN_BLOCK_CAPTURE_AUTORELEASING = YES;
				CLANG_WARN_BOOL_CONVERSION = YES;
				CLANG_WARN_COMMA = YES;
				CLANG_WARN_CONSTANT_CONVERSION = YES;
				CLANG_WARN_DEPRECATED_OBJC_IMPLEMENTATIONS = YES;
				CLANG_WARN_DIRECT_OBJC_ISA_USAGE = YES_ERROR;
				CLANG_WARN_DOCUMENTATION_COMMENTS = YES;
				CLANG_WARN_EMPTY_BODY = YES;
				CLANG_WARN_ENUM_CONVERSION = YES;
				CLANG_WARN_INFINITE_RECURSION = YES;
				CLANG_WARN_INT_CONVERSION = YES;
				CLANG_WARN_NON_LITERAL_NULL_CONVERSION = YES;
				CLANG_WARN_OBJC_IMPLICIT_RETAIN_SELF = YES;
				CLANG_WARN_OBJC_LITERAL_CONVERSION = YES;
				CLANG_WARN_OBJC_ROOT_CLASS = YES_ERROR;
				CLANG_WARN_RANGE_LOOP_ANALYSIS = YES;
				CLANG_WARN_STRICT_PROTOTYPES = YES;
				CLANG_WARN_SUSPICIOUS_MOVE = YES;
				CLANG_WARN_UNGUARDED_AVAILABILITY = YES_AGGRESSIVE;
				CLANG_WARN_UNREACHABLE_CODE = YES;
				CLANG_WARN__DUPLICATE_METHOD_MATCH = YES;
				COPY_PHASE_STRIP = NO;
				DEBUG_INFORMATION_FORMAT = dwarf;
				ENABLE_STRICT_OBJC_MSGSEND = YES;
				ENABLE_TESTABILITY = YES;
				GCC_C_LANGUAGE_STANDARD = gnu11;
				GCC_DYNAMIC_NO_PIC = NO;
				GCC_NO_COMMON_BLOCKS = YES;
				GCC_OPTIMIZATION_LEVEL = 0;
				GCC_PREPROCESSOR_DEFINITIONS = (
					"DEBUG=1",
					"$(inherited)",
				);
				GCC_WARN_64_TO_32_BIT_CONVERSION = YES;
				GCC_WARN_ABOUT_RETURN_TYPE = YES_ERROR;
				GCC_WARN_UNDECLARED_SELECTOR = YES;
				GCC_WARN_UNINITIALIZED_AUTOS = YES_AGGRESSIVE;
				GCC_WARN_UNUSED_FUNCTION = YES;
				GCC_WARN_UNUSED_VARIABLE = YES;
				IPHONEOS_DEPLOYMENT_TARGET = 13.0;
				MTL_ENABLE_DEBUG_INFO = INCLUDE_SOURCE;
				MTL_FAST_MATH = YES;
				ONLY_ACTIVE_ARCH = YES;
				SDKROOT = iphoneos;
				SWIFT_ACTIVE_COMPILATION_CONDITIONS = DEBUG;
				SWIFT_OPTIMIZATION_LEVEL = "-Onone";
			};
			name = Debug;
		};
		F487DE4D22F85867002C1B6E /* Release */ = {
			isa = XCBuildConfiguration;
			buildSettings = {
				ALWAYS_SEARCH_USER_PATHS = NO;
				CLANG_ANALYZER_NONNULL = YES;
				CLANG_ANALYZER_NUMBER_OBJECT_CONVERSION = YES_AGGRESSIVE;
				CLANG_CXX_LANGUAGE_STANDARD = "gnu++14";
				CLANG_CXX_LIBRARY = "libc++";
				CLANG_ENABLE_MODULES = YES;
				CLANG_ENABLE_OBJC_ARC = YES;
				CLANG_ENABLE_OBJC_WEAK = YES;
				CLANG_WARN_BLOCK_CAPTURE_AUTORELEASING = YES;
				CLANG_WARN_BOOL_CONVERSION = YES;
				CLANG_WARN_COMMA = YES;
				CLANG_WARN_CONSTANT_CONVERSION = YES;
				CLANG_WARN_DEPRECATED_OBJC_IMPLEMENTATIONS = YES;
				CLANG_WARN_DIRECT_OBJC_ISA_USAGE = YES_ERROR;
				CLANG_WARN_DOCUMENTATION_COMMENTS = YES;
				CLANG_WARN_EMPTY_BODY = YES;
				CLANG_WARN_ENUM_CONVERSION = YES;
				CLANG_WARN_INFINITE_RECURSION = YES;
				CLANG_WARN_INT_CONVERSION = YES;
				CLANG_WARN_NON_LITERAL_NULL_CONVERSION = YES;
				CLANG_WARN_OBJC_IMPLICIT_RETAIN_SELF = YES;
				CLANG_WARN_OBJC_LITERAL_CONVERSION = YES;
				CLANG_WARN_OBJC_ROOT_CLASS = YES_ERROR;
				CLANG_WARN_RANGE_LOOP_ANALYSIS = YES;
				CLANG_WARN_STRICT_PROTOTYPES = YES;
				CLANG_WARN_SUSPICIOUS_MOVE = YES;
				CLANG_WARN_UNGUARDED_AVAILABILITY = YES_AGGRESSIVE;
				CLANG_WARN_UNREACHABLE_CODE = YES;
				CLANG_WARN__DUPLICATE_METHOD_MATCH = YES;
				COPY_PHASE_STRIP = NO;
				DEBUG_INFORMATION_FORMAT = "dwarf-with-dsym";
				ENABLE_NS_ASSERTIONS = NO;
				ENABLE_STRICT_OBJC_MSGSEND = YES;
				GCC_C_LANGUAGE_STANDARD = gnu11;
				GCC_NO_COMMON_BLOCKS = YES;
				GCC_WARN_64_TO_32_BIT_CONVERSION = YES;
				GCC_WARN_ABOUT_RETURN_TYPE = YES_ERROR;
				GCC_WARN_UNDECLARED_SELECTOR = YES;
				GCC_WARN_UNINITIALIZED_AUTOS = YES_AGGRESSIVE;
				GCC_WARN_UNUSED_FUNCTION = YES;
				GCC_WARN_UNUSED_VARIABLE = YES;
				IPHONEOS_DEPLOYMENT_TARGET = 13.0;
				MTL_ENABLE_DEBUG_INFO = NO;
				MTL_FAST_MATH = YES;
				SDKROOT = iphoneos;
				SWIFT_COMPILATION_MODE = wholemodule;
				SWIFT_OPTIMIZATION_LEVEL = "-O";
				VALIDATE_PRODUCT = YES;
			};
			name = Release;
		};
		F487DE4F22F85867002C1B6E /* Debug */ = {
			isa = XCBuildConfiguration;
			buildSettings = {
				ASSETCATALOG_COMPILER_APPICON_NAME = AppIcon;
				CODE_SIGN_STYLE = Automatic;
				DEVELOPMENT_ASSET_PATHS = "SwiftUIExample/Preview\\ Content";
				DEVELOPMENT_TEAM = S8K4R5LNU6;
				ENABLE_PREVIEWS = YES;
				INFOPLIST_FILE = SwiftUIExample/Info.plist;
				LD_RUNPATH_SEARCH_PATHS = (
					"$(inherited)",
					"@executable_path/Frameworks",
				);
				PRODUCT_BUNDLE_IDENTIFIER = com.arun.SwiftUIExample;
				PRODUCT_NAME = "$(TARGET_NAME)";
				SWIFT_VERSION = 5.0;
				TARGETED_DEVICE_FAMILY = "1,2";
			};
			name = Debug;
		};
		F487DE5022F85867002C1B6E /* Release */ = {
			isa = XCBuildConfiguration;
			buildSettings = {
				ASSETCATALOG_COMPILER_APPICON_NAME = AppIcon;
				CODE_SIGN_STYLE = Automatic;
				DEVELOPMENT_ASSET_PATHS = "SwiftUIExample/Preview\\ Content";
				DEVELOPMENT_TEAM = S8K4R5LNU6;
				ENABLE_PREVIEWS = YES;
				INFOPLIST_FILE = SwiftUIExample/Info.plist;
				LD_RUNPATH_SEARCH_PATHS = (
					"$(inherited)",
					"@executable_path/Frameworks",
				);
				PRODUCT_BUNDLE_IDENTIFIER = com.arun.SwiftUIExample;
				PRODUCT_NAME = "$(TARGET_NAME)";
				SWIFT_VERSION = 5.0;
				TARGETED_DEVICE_FAMILY = "1,2";
			};
			name = Release;
		};
		F487DE5222F85867002C1B6E /* Debug */ = {
			isa = XCBuildConfiguration;
			buildSettings = {
				ALWAYS_EMBED_SWIFT_STANDARD_LIBRARIES = YES;
				BUNDLE_LOADER = "$(TEST_HOST)";
				CODE_SIGN_STYLE = Automatic;
				DEVELOPMENT_TEAM = S8K4R5LNU6;
				INFOPLIST_FILE = SwiftUIExampleTests/Info.plist;
				LD_RUNPATH_SEARCH_PATHS = (
					"$(inherited)",
					"@executable_path/Frameworks",
					"@loader_path/Frameworks",
				);
				PRODUCT_BUNDLE_IDENTIFIER = com.arun.SwiftUIExampleTests;
				PRODUCT_NAME = "$(TARGET_NAME)";
				SWIFT_VERSION = 5.0;
				TARGETED_DEVICE_FAMILY = "1,2";
				TEST_HOST = "$(BUILT_PRODUCTS_DIR)/SwiftUIExample.app/SwiftUIExample";
			};
			name = Debug;
		};
		F487DE5322F85867002C1B6E /* Release */ = {
			isa = XCBuildConfiguration;
			buildSettings = {
				ALWAYS_EMBED_SWIFT_STANDARD_LIBRARIES = YES;
				BUNDLE_LOADER = "$(TEST_HOST)";
				CODE_SIGN_STYLE = Automatic;
				DEVELOPMENT_TEAM = S8K4R5LNU6;
				INFOPLIST_FILE = SwiftUIExampleTests/Info.plist;
				LD_RUNPATH_SEARCH_PATHS = (
					"$(inherited)",
					"@executable_path/Frameworks",
					"@loader_path/Frameworks",
				);
				PRODUCT_BUNDLE_IDENTIFIER = com.arun.SwiftUIExampleTests;
				PRODUCT_NAME = "$(TARGET_NAME)";
				SWIFT_VERSION = 5.0;
				TARGETED_DEVICE_FAMILY = "1,2";
				TEST_HOST = "$(BUILT_PRODUCTS_DIR)/SwiftUIExample.app/SwiftUIExample";
			};
			name = Release;
		};
/* End XCBuildConfiguration section */

/* Begin XCConfigurationList section */
		F487DE2A22F85866002C1B6E /* Build configuration list for PBXProject "SwiftUIExample" */ = {
			isa = XCConfigurationList;
			buildConfigurations = (
				F487DE4C22F85867002C1B6E /* Debug */,
				F487DE4D22F85867002C1B6E /* Release */,
			);
			defaultConfigurationIsVisible = 0;
			defaultConfigurationName = Release;
		};
		F487DE4E22F85867002C1B6E /* Build configuration list for PBXNativeTarget "SwiftUIExample" */ = {
			isa = XCConfigurationList;
			buildConfigurations = (
				F487DE4F22F85867002C1B6E /* Debug */,
				F487DE5022F85867002C1B6E /* Release */,
			);
			defaultConfigurationIsVisible = 0;
			defaultConfigurationName = Release;
		};
		F487DE5122F85867002C1B6E /* Build configuration list for PBXNativeTarget "SwiftUIExampleTests" */ = {
			isa = XCConfigurationList;
			buildConfigurations = (
				F487DE5222F85867002C1B6E /* Debug */,
				F487DE5322F85867002C1B6E /* Release */,
			);
			defaultConfigurationIsVisible = 0;
			defaultConfigurationName = Release;
		};
/* End XCConfigurationList section */
	};
	rootObject = F487DE2722F85866002C1B6E /* Project object */;
}
